
Microsoft Visual Studio Solution File, Format Version 12.00
# Visual Studio 15
VisualStudioVersion = 15.0.27130.2036
MinimumVisualStudioVersion = 10.0.40219.1
Project("{FAE04EC0-301F-11D3-BF4B-00C04F79EFBC}") = "HotelGuestbook", "HotelGuestbook\HotelGuestbook.csproj", "{E74EB631-D0F6-4518-9FFC-3214C66843C3}"
EndProject
Project("{FAE04EC0-301F-11D3-BF4B-00C04F79EFBC}") = "HotelGuestbookGUI", "HotelGuestbookGUI\HotelGuestbookGUI.csproj", "{04E0013D-A795-491C-8745-48CE363E1B10}"
EndProject
Global
	GlobalSection(SolutionConfigurationPlatforms) = preSolution
		Debug|Any CPU = Debug|Any CPU
		Release|Any CPU = Release|Any CPU
	EndGlobalSection
	GlobalSection(ProjectConfigurationPlatforms) = postSolution
		{E74EB631-D0F6-4518-9FFC-3214C66843C3}.Debug|Any CPU.ActiveCfg = Debug|Any CPU
		{E74EB631-D0F6-4518-9FFC-3214C66843C3}.Debug|Any CPU.Build.0 = Debug|Any CPU
		{E74EB631-D0F6-4518-9FFC-3214C66843C3}.Release|Any CPU.ActiveCfg = Release|Any CPU
		{E74EB631-D0F6-4518-9FFC-3214C66843C3}.Release|Any CPU.Build.0 = Release|Any CPU
		{04E0013D-A795-491C-8745-48CE363E1B10}.Debug|Any CPU.ActiveCfg = Debug|Any CPU
		{04E0013D-A795-491C-8745-48CE363E1B10}.Debug|Any CPU.Build.0 = Debug|Any CPU
		{04E0013D-A795-491C-8745-48CE363E1B10}.Release|Any CPU.ActiveCfg = Release|Any CPU
		{04E0013D-A795-491C-8745-48CE363E1B10}.Release|Any CPU.Build.0 = Release|Any CPU
	EndGlobalSection
	GlobalSection(SolutionProperties) = preSolution
		HideSolutionNode = FALSE
	EndGlobalSection
	GlobalSection(ExtensibilityGlobals) = postSolution
		SolutionGuid = {8EEBE58D-8DE9-436E-AFAA-A7392FBDB56E}
	EndGlobalSection
EndGlobal
